// !$*UTF8*$!
{
	archiveVersion = 1;
	classes = {
	};
	objectVersion = 46;
	objects = {

/* Begin PBXBuildFile section */
		29CA3850D9C8842058145A4F /* Pods_DDTarGzipDecompressTest.framework in Frameworks */ = {isa = PBXBuildFile; fileRef = 488E3DFADAB601327A4AC823 /* Pods_DDTarGzipDecompressTest.framework */; };
		596181A61DB71E68005AD7B2 /* AppDelegate.swift in Sources */ = {isa = PBXBuildFile; fileRef = 596181A51DB71E68005AD7B2 /* AppDelegate.swift */; };
		596181A81DB71E68005AD7B2 /* MasterViewController.swift in Sources */ = {isa = PBXBuildFile; fileRef = 596181A71DB71E68005AD7B2 /* MasterViewController.swift */; };
		596181AA1DB71E68005AD7B2 /* DetailViewController.swift in Sources */ = {isa = PBXBuildFile; fileRef = 596181A91DB71E68005AD7B2 /* DetailViewController.swift */; };
		596181AD1DB71E68005AD7B2 /* Main.storyboard in Resources */ = {isa = PBXBuildFile; fileRef = 596181AB1DB71E68005AD7B2 /* Main.storyboard */; };
		596181AF1DB71E68005AD7B2 /* Assets.xcassets in Resources */ = {isa = PBXBuildFile; fileRef = 596181AE1DB71E68005AD7B2 /* Assets.xcassets */; };
		596181B21DB71E68005AD7B2 /* LaunchScreen.storyboard in Resources */ = {isa = PBXBuildFile; fileRef = 596181B01DB71E68005AD7B2 /* LaunchScreen.storyboard */; };
		596181BD1DB71E68005AD7B2 /* DDTarGzipDecompressTestTests.swift in Sources */ = {isa = PBXBuildFile; fileRef = 596181BC1DB71E68005AD7B2 /* DDTarGzipDecompressTestTests.swift */; };
		596181C81DB71E68005AD7B2 /* DDTarGzipDecompressTestUITests.swift in Sources */ = {isa = PBXBuildFile; fileRef = 596181C71DB71E68005AD7B2 /* DDTarGzipDecompressTestUITests.swift */; };
		596181D61DB71F0A005AD7B2 /* WebResource.tar.gz in Resources */ = {isa = PBXBuildFile; fileRef = 596181D51DB71F0A005AD7B2 /* WebResource.tar.gz */; };
/* End PBXBuildFile section */

/* Begin PBXContainerItemProxy section */
		596181B91DB71E68005AD7B2 /* PBXContainerItemProxy */ = {
			isa = PBXContainerItemProxy;
			containerPortal = 5961819A1DB71E67005AD7B2 /* Project object */;
			proxyType = 1;
			remoteGlobalIDString = 596181A11DB71E67005AD7B2;
			remoteInfo = DDTarGzipDecompressTest;
		};
		596181C41DB71E68005AD7B2 /* PBXContainerItemProxy */ = {
			isa = PBXContainerItemProxy;
			containerPortal = 5961819A1DB71E67005AD7B2 /* Project object */;
			proxyType = 1;
			remoteGlobalIDString = 596181A11DB71E67005AD7B2;
			remoteInfo = DDTarGzipDecompressTest;
		};
/* End PBXContainerItemProxy section */

/* Begin PBXFileReference section */
		1C7F3A313191CA17D57C2579 /* Pods-DDTarGzipDecompressTest.release.xcconfig */ = {isa = PBXFileReference; includeInIndex = 1; lastKnownFileType = text.xcconfig; name = "Pods-DDTarGzipDecompressTest.release.xcconfig"; path = "Pods/Target Support Files/Pods-DDTarGzipDecompressTest/Pods-DDTarGzipDecompressTest.release.xcconfig"; sourceTree = "<group>"; };
		488E3DFADAB601327A4AC823 /* Pods_DDTarGzipDecompressTest.framework */ = {isa = PBXFileReference; explicitFileType = wrapper.framework; includeInIndex = 0; path = Pods_DDTarGzipDecompressTest.framework; sourceTree = BUILT_PRODUCTS_DIR; };
		596181A21DB71E67005AD7B2 /* DDTarGzipDecompressTest.app */ = {isa = PBXFileReference; explicitFileType = wrapper.application; includeInIndex = 0; path = DDTarGzipDecompressTest.app; sourceTree = BUILT_PRODUCTS_DIR; };
		596181A51DB71E68005AD7B2 /* AppDelegate.swift */ = {isa = PBXFileReference; lastKnownFileType = sourcecode.swift; path = AppDelegate.swift; sourceTree = "<group>"; };
		596181A71DB71E68005AD7B2 /* MasterViewController.swift */ = {isa = PBXFileReference; lastKnownFileType = sourcecode.swift; path = MasterViewController.swift; sourceTree = "<group>"; };
		596181A91DB71E68005AD7B2 /* DetailViewController.swift */ = {isa = PBXFileReference; lastKnownFileType = sourcecode.swift; path = DetailViewController.swift; sourceTree = "<group>"; };
		596181AC1DB71E68005AD7B2 /* Base */ = {isa = PBXFileReference; lastKnownFileType = file.storyboard; name = Base; path = Base.lproj/Main.storyboard; sourceTree = "<group>"; };
		596181AE1DB71E68005AD7B2 /* Assets.xcassets */ = {isa = PBXFileReference; lastKnownFileType = folder.assetcatalog; path = Assets.xcassets; sourceTree = "<group>"; };
		596181B11DB71E68005AD7B2 /* Base */ = {isa = PBXFileReference; lastKnownFileType = file.storyboard; name = Base; path = Base.lproj/LaunchScreen.storyboard; sourceTree = "<group>"; };
		596181B31DB71E68005AD7B2 /* Info.plist */ = {isa = PBXFileReference; lastKnownFileType = text.plist.xml; path = Info.plist; sourceTree = "<group>"; };
		596181B81DB71E68005AD7B2 /* DDTarGzipDecompressTestTests.xctest */ = {isa = PBXFileReference; explicitFileType = wrapper.cfbundle; includeInIndex = 0; path = DDTarGzipDecompressTestTests.xctest; sourceTree = BUILT_PRODUCTS_DIR; };
		596181BC1DB71E68005AD7B2 /* DDTarGzipDecompressTestTests.swift */ = {isa = PBXFileReference; lastKnownFileType = sourcecode.swift; path = DDTarGzipDecompressTestTests.swift; sourceTree = "<group>"; };
		596181BE1DB71E68005AD7B2 /* Info.plist */ = {isa = PBXFileReference; lastKnownFileType = text.plist.xml; path = Info.plist; sourceTree = "<group>"; };
		596181C31DB71E68005AD7B2 /* DDTarGzipDecompressTestUITests.xctest */ = {isa = PBXFileReference; explicitFileType = wrapper.cfbundle; includeInIndex = 0; path = DDTarGzipDecompressTestUITests.xctest; sourceTree = BUILT_PRODUCTS_DIR; };
		596181C71DB71E68005AD7B2 /* DDTarGzipDecompressTestUITests.swift */ = {isa = PBXFileReference; lastKnownFileType = sourcecode.swift; path = DDTarGzipDecompressTestUITests.swift; sourceTree = "<group>"; };
		596181C91DB71E68005AD7B2 /* Info.plist */ = {isa = PBXFileReference; lastKnownFileType = text.plist.xml; path = Info.plist; sourceTree = "<group>"; };
		596181D51DB71F0A005AD7B2 /* WebResource.tar.gz */ = {isa = PBXFileReference; lastKnownFileType = archive.gzip; path = WebResource.tar.gz; sourceTree = "<group>"; };
		596181D81DB7205F005AD7B2 /* DD-Bridging-Header.h */ = {isa = PBXFileReference; lastKnownFileType = sourcecode.c.h; name = "DD-Bridging-Header.h"; path = "DDTarGzipDecompressTest/DD-Bridging-Header.h"; sourceTree = "<group>"; };
		DDBF037940B0FD49AB335874 /* Pods-DDTarGzipDecompressTest.debug.xcconfig */ = {isa = PBXFileReference; includeInIndex = 1; lastKnownFileType = text.xcconfig; name = "Pods-DDTarGzipDecompressTest.debug.xcconfig"; path = "Pods/Target Support Files/Pods-DDTarGzipDecompressTest/Pods-DDTarGzipDecompressTest.debug.xcconfig"; sourceTree = "<group>"; };
/* End PBXFileReference section */

/* Begin PBXFrameworksBuildPhase section */
		5961819F1DB71E67005AD7B2 /* Frameworks */ = {
			isa = PBXFrameworksBuildPhase;
			buildActionMask = 2147483647;
			files = (
				29CA3850D9C8842058145A4F /* Pods_DDTarGzipDecompressTest.framework in Frameworks */,
			);
			runOnlyForDeploymentPostprocessing = 0;
		};
		596181B51DB71E68005AD7B2 /* Frameworks */ = {
			isa = PBXFrameworksBuildPhase;
			buildActionMask = 2147483647;
			files = (
			);
			runOnlyForDeploymentPostprocessing = 0;
		};
		596181C01DB71E68005AD7B2 /* Frameworks */ = {
			isa = PBXFrameworksBuildPhase;
			buildActionMask = 2147483647;
			files = (
			);
			runOnlyForDeploymentPostprocessing = 0;
		};
/* End PBXFrameworksBuildPhase section */

/* Begin PBXGroup section */
		596181991DB71E67005AD7B2 = {
			isa = PBXGroup;
			children = (
				596181D81DB7205F005AD7B2 /* DD-Bridging-Header.h */,
				596181A41DB71E68005AD7B2 /* DDTarGzipDecompressTest */,
				596181BB1DB71E68005AD7B2 /* DDTarGzipDecompressTestTests */,
				596181C61DB71E68005AD7B2 /* DDTarGzipDecompressTestUITests */,
				596181A31DB71E67005AD7B2 /* Products */,
				C518EB88B8F0245C3B0F26D0 /* Pods */,
				B41BE4961A3BDC3492D444D1 /* Frameworks */,
			);
			sourceTree = "<group>";
		};
		596181A31DB71E67005AD7B2 /* Products */ = {
			isa = PBXGroup;
			children = (
				596181A21DB71E67005AD7B2 /* DDTarGzipDecompressTest.app */,
				596181B81DB71E68005AD7B2 /* DDTarGzipDecompressTestTests.xctest */,
				596181C31DB71E68005AD7B2 /* DDTarGzipDecompressTestUITests.xctest */,
			);
			name = Products;
			sourceTree = "<group>";
		};
		596181A41DB71E68005AD7B2 /* DDTarGzipDecompressTest */ = {
			isa = PBXGroup;
			children = (
				596181A51DB71E68005AD7B2 /* AppDelegate.swift */,
				596181A71DB71E68005AD7B2 /* MasterViewController.swift */,
				596181A91DB71E68005AD7B2 /* DetailViewController.swift */,
				596181D51DB71F0A005AD7B2 /* WebResource.tar.gz */,
				596181AB1DB71E68005AD7B2 /* Main.storyboard */,
				596181AE1DB71E68005AD7B2 /* Assets.xcassets */,
				596181B01DB71E68005AD7B2 /* LaunchScreen.storyboard */,
				596181B31DB71E68005AD7B2 /* Info.plist */,
			);
			path = DDTarGzipDecompressTest;
			sourceTree = "<group>";
		};
		596181BB1DB71E68005AD7B2 /* DDTarGzipDecompressTestTests */ = {
			isa = PBXGroup;
			children = (
				596181BC1DB71E68005AD7B2 /* DDTarGzipDecompressTestTests.swift */,
				596181BE1DB71E68005AD7B2 /* Info.plist */,
			);
			path = DDTarGzipDecompressTestTests;
			sourceTree = "<group>";
		};
		596181C61DB71E68005AD7B2 /* DDTarGzipDecompressTestUITests */ = {
			isa = PBXGroup;
			children = (
				596181C71DB71E68005AD7B2 /* DDTarGzipDecompressTestUITests.swift */,
				596181C91DB71E68005AD7B2 /* Info.plist */,
			);
			path = DDTarGzipDecompressTestUITests;
			sourceTree = "<group>";
		};
		B41BE4961A3BDC3492D444D1 /* Frameworks */ = {
			isa = PBXGroup;
			children = (
				488E3DFADAB601327A4AC823 /* Pods_DDTarGzipDecompressTest.framework */,
			);
			name = Frameworks;
			sourceTree = "<group>";
		};
		C518EB88B8F0245C3B0F26D0 /* Pods */ = {
			isa = PBXGroup;
			children = (
				DDBF037940B0FD49AB335874 /* Pods-DDTarGzipDecompressTest.debug.xcconfig */,
				1C7F3A313191CA17D57C2579 /* Pods-DDTarGzipDecompressTest.release.xcconfig */,
			);
			name = Pods;
			sourceTree = "<group>";
		};
/* End PBXGroup section */

/* Begin PBXNativeTarget section */
		596181A11DB71E67005AD7B2 /* DDTarGzipDecompressTest */ = {
			isa = PBXNativeTarget;
			buildConfigurationList = 596181CC1DB71E68005AD7B2 /* Build configuration list for PBXNativeTarget "DDTarGzipDecompressTest" */;
			buildPhases = (
				8173229430753CB867E35DCE /* [CP] Check Pods Manifest.lock */,
				5961819E1DB71E67005AD7B2 /* Sources */,
				5961819F1DB71E67005AD7B2 /* Frameworks */,
				596181A01DB71E67005AD7B2 /* Resources */,
				33C659DA284CFA6F52F168CF /* [CP] Embed Pods Frameworks */,
				E02AD0CC89852D2C303803F0 /* [CP] Copy Pods Resources */,
			);
			buildRules = (
			);
			dependencies = (
			);
			name = DDTarGzipDecompressTest;
			productName = DDTarGzipDecompressTest;
			productReference = 596181A21DB71E67005AD7B2 /* DDTarGzipDecompressTest.app */;
			productType = "com.apple.product-type.application";
		};
		596181B71DB71E68005AD7B2 /* DDTarGzipDecompressTestTests */ = {
			isa = PBXNativeTarget;
			buildConfigurationList = 596181CF1DB71E68005AD7B2 /* Build configuration list for PBXNativeTarget "DDTarGzipDecompressTestTests" */;
			buildPhases = (
				596181B41DB71E68005AD7B2 /* Sources */,
				596181B51DB71E68005AD7B2 /* Frameworks */,
				596181B61DB71E68005AD7B2 /* Resources */,
			);
			buildRules = (
			);
			dependencies = (
				596181BA1DB71E68005AD7B2 /* PBXTargetDependency */,
			);
			name = DDTarGzipDecompressTestTests;
			productName = DDTarGzipDecompressTestTests;
			productReference = 596181B81DB71E68005AD7B2 /* DDTarGzipDecompressTestTests.xctest */;
			productType = "com.apple.product-type.bundle.unit-test";
		};
		596181C21DB71E68005AD7B2 /* DDTarGzipDecompressTestUITests */ = {
			isa = PBXNativeTarget;
			buildConfigurationList = 596181D21DB71E68005AD7B2 /* Build configuration list for PBXNativeTarget "DDTarGzipDecompressTestUITests" */;
			buildPhases = (
				596181BF1DB71E68005AD7B2 /* Sources */,
				596181C01DB71E68005AD7B2 /* Frameworks */,
				596181C11DB71E68005AD7B2 /* Resources */,
			);
			buildRules = (
			);
			dependencies = (
				596181C51DB71E68005AD7B2 /* PBXTargetDependency */,
			);
			name = DDTarGzipDecompressTestUITests;
			productName = DDTarGzipDecompressTestUITests;
			productReference = 596181C31DB71E68005AD7B2 /* DDTarGzipDecompressTestUITests.xctest */;
			productType = "com.apple.product-type.bundle.ui-testing";
		};
/* End PBXNativeTarget section */

/* Begin PBXProject section */
		5961819A1DB71E67005AD7B2 /* Project object */ = {
			isa = PBXProject;
			attributes = {
				LastSwiftUpdateCheck = 0730;
				LastUpgradeCheck = 0730;
				ORGANIZATIONNAME = ByteDance;
				TargetAttributes = {
					596181A11DB71E67005AD7B2 = {
						CreatedOnToolsVersion = 7.3.1;
						DevelopmentTeam = W5J3B5YX4N;
					};
					596181B71DB71E68005AD7B2 = {
						CreatedOnToolsVersion = 7.3.1;
						DevelopmentTeam = W5J3B5YX4N;
						TestTargetID = 596181A11DB71E67005AD7B2;
					};
					596181C21DB71E68005AD7B2 = {
						CreatedOnToolsVersion = 7.3.1;
						DevelopmentTeam = W5J3B5YX4N;
						TestTargetID = 596181A11DB71E67005AD7B2;
					};
				};
			};
			buildConfigurationList = 5961819D1DB71E67005AD7B2 /* Build configuration list for PBXProject "DDTarGzipDecompressTest" */;
			compatibilityVersion = "Xcode 3.2";
			developmentRegion = English;
			hasScannedForEncodings = 0;
			knownRegions = (
				en,
				Base,
			);
			mainGroup = 596181991DB71E67005AD7B2;
			productRefGroup = 596181A31DB71E67005AD7B2 /* Products */;
			projectDirPath = "";
			projectRoot = "";
			targets = (
				596181A11DB71E67005AD7B2 /* DDTarGzipDecompressTest */,
				596181B71DB71E68005AD7B2 /* DDTarGzipDecompressTestTests */,
				596181C21DB71E68005AD7B2 /* DDTarGzipDecompressTestUITests */,
			);
		};
/* End PBXProject section */

/* Begin PBXResourcesBuildPhase section */
		596181A01DB71E67005AD7B2 /* Resources */ = {
			isa = PBXResourcesBuildPhase;
			buildActionMask = 2147483647;
			files = (
				596181D61DB71F0A005AD7B2 /* WebResource.tar.gz in Resources */,
				596181B21DB71E68005AD7B2 /* LaunchScreen.storyboard in Resources */,
				596181AF1DB71E68005AD7B2 /* Assets.xcassets in Resources */,
				596181AD1DB71E68005AD7B2 /* Main.storyboard in Resources */,
			);
			runOnlyForDeploymentPostprocessing = 0;
		};
		596181B61DB71E68005AD7B2 /* Resources */ = {
			isa = PBXResourcesBuildPhase;
			buildActionMask = 2147483647;
			files = (
			);
			runOnlyForDeploymentPostprocessing = 0;
		};
		596181C11DB71E68005AD7B2 /* Resources */ = {
			isa = PBXResourcesBuildPhase;
			buildActionMask = 2147483647;
			files = (
			);
			runOnlyForDeploymentPostprocessing = 0;
		};
/* End PBXResourcesBuildPhase section */

/* Begin PBXShellScriptBuildPhase section */
		33C659DA284CFA6F52F168CF /* [CP] Embed Pods Frameworks */ = {
			isa = PBXShellScriptBuildPhase;
			buildActionMask = 2147483647;
			files = (
			);
			inputPaths = (
			);
			name = "[CP] Embed Pods Frameworks";
			outputPaths = (
			);
			runOnlyForDeploymentPostprocessing = 0;
			shellPath = /bin/sh;
			shellScript = "\"${SRCROOT}/Pods/Target Support Files/Pods-DDTarGzipDecompressTest/Pods-DDTarGzipDecompressTest-frameworks.sh\"\n";
			showEnvVarsInLog = 0;
		};
		8173229430753CB867E35DCE /* [CP] Check Pods Manifest.lock */ = {
			isa = PBXShellScriptBuildPhase;
			buildActionMask = 2147483647;
			files = (
			);
			inputPaths = (
			);
			name = "[CP] Check Pods Manifest.lock";
			outputPaths = (
			);
			runOnlyForDeploymentPostprocessing = 0;
			shellPath = /bin/sh;
			shellScript = "diff \"${PODS_ROOT}/../Podfile.lock\" \"${PODS_ROOT}/Manifest.lock\" > /dev/null\nif [[ $? != 0 ]] ; then\n    cat << EOM\nerror: The sandbox is not in sync with the Podfile.lock. Run 'pod install' or update your CocoaPods installation.\nEOM\n    exit 1\nfi\n";
			showEnvVarsInLog = 0;
		};
		E02AD0CC89852D2C303803F0 /* [CP] Copy Pods Resources */ = {
			isa = PBXShellScriptBuildPhase;
			buildActionMask = 2147483647;
			files = (
			);
			inputPaths = (
			);
			name = "[CP] Copy Pods Resources";
			outputPaths = (
			);
			runOnlyForDeploymentPostprocessing = 0;
			shellPath = /bin/sh;
			shellScript = "\"${SRCROOT}/Pods/Target Support Files/Pods-DDTarGzipDecompressTest/Pods-DDTarGzipDecompressTest-resources.sh\"\n";
			showEnvVarsInLog = 0;
		};
/* End PBXShellScriptBuildPhase section */

/* Begin PBXSourcesBuildPhase section */
		5961819E1DB71E67005AD7B2 /* Sources */ = {
			isa = PBXSourcesBuildPhase;
			buildActionMask = 2147483647;
			files = (
				596181AA1DB71E68005AD7B2 /* DetailViewController.swift in Sources */,
				596181A81DB71E68005AD7B2 /* MasterViewController.swift in Sources */,
				596181A61DB71E68005AD7B2 /* AppDelegate.swift in Sources */,
			);
			runOnlyForDeploymentPostprocessing = 0;
		};
		596181B41DB71E68005AD7B2 /* Sources */ = {
			isa = PBXSourcesBuildPhase;
			buildActionMask = 2147483647;
			files = (
				596181BD1DB71E68005AD7B2 /* DDTarGzipDecompressTestTests.swift in Sources */,
			);
			runOnlyForDeploymentPostprocessing = 0;
		};
		596181BF1DB71E68005AD7B2 /* Sources */ = {
			isa = PBXSourcesBuildPhase;
			buildActionMask = 2147483647;
			files = (
				596181C81DB71E68005AD7B2 /* DDTarGzipDecompressTestUITests.swift in Sources */,
			);
			runOnlyForDeploymentPostprocessing = 0;
		};
/* End PBXSourcesBuildPhase section */

/* Begin PBXTargetDependency section */
		596181BA1DB71E68005AD7B2 /* PBXTargetDependency */ = {
			isa = PBXTargetDependency;
			target = 596181A11DB71E67005AD7B2 /* DDTarGzipDecompressTest */;
			targetProxy = 596181B91DB71E68005AD7B2 /* PBXContainerItemProxy */;
		};
		596181C51DB71E68005AD7B2 /* PBXTargetDependency */ = {
			isa = PBXTargetDependency;
			target = 596181A11DB71E67005AD7B2 /* DDTarGzipDecompressTest */;
			targetProxy = 596181C41DB71E68005AD7B2 /* PBXContainerItemProxy */;
		};
/* End PBXTargetDependency section */

/* Begin PBXVariantGroup section */
		596181AB1DB71E68005AD7B2 /* Main.storyboard */ = {
			isa = PBXVariantGroup;
			children = (
				596181AC1DB71E68005AD7B2 /* Base */,
			);
			name = Main.storyboard;
			sourceTree = "<group>";
		};
		596181B01DB71E68005AD7B2 /* LaunchScreen.storyboard */ = {
			isa = PBXVariantGroup;
			children = (
				596181B11DB71E68005AD7B2 /* Base */,
			);
			name = LaunchScreen.storyboard;
			sourceTree = "<group>";
		};
/* End PBXVariantGroup section */

/* Begin XCBuildConfiguration section */
		596181CA1DB71E68005AD7B2 /* Debug */ = {
			isa = XCBuildConfiguration;
			buildSettings = {
				ALWAYS_SEARCH_USER_PATHS = NO;
				CLANG_ANALYZER_NONNULL = YES;
				CLANG_CXX_LANGUAGE_STANDARD = "gnu++0x";
				CLANG_CXX_LIBRARY = "libc++";
				CLANG_ENABLE_MODULES = YES;
				CLANG_ENABLE_OBJC_ARC = YES;
				CLANG_WARN_BOOL_CONVERSION = YES;
				CLANG_WARN_CONSTANT_CONVERSION = YES;
				CLANG_WARN_DIRECT_OBJC_ISA_USAGE = YES_ERROR;
				CLANG_WARN_EMPTY_BODY = YES;
				CLANG_WARN_ENUM_CONVERSION = YES;
				CLANG_WARN_INT_CONVERSION = YES;
				CLANG_WARN_OBJC_ROOT_CLASS = YES_ERROR;
				CLANG_WARN_UNREACHABLE_CODE = YES;
				CLANG_WARN__DUPLICATE_METHOD_MATCH = YES;
				"CODE_SIGN_IDENTITY[sdk=iphoneos*]" = "iPhone Developer";
				COPY_PHASE_STRIP = NO;
				DEBUG_INFORMATION_FORMAT = dwarf;
				ENABLE_STRICT_OBJC_MSGSEND = YES;
				ENABLE_TESTABILITY = YES;
				GCC_C_LANGUAGE_STANDARD = gnu99;
				GCC_DYNAMIC_NO_PIC = NO;
				GCC_NO_COMMON_BLOCKS = YES;
				GCC_OPTIMIZATION_LEVEL = 0;
				GCC_PREPROCESSOR_DEFINITIONS = (
					"DEBUG=1",
					"$(inherited)",
				);
				GCC_WARN_64_TO_32_BIT_CONVERSION = YES;
				GCC_WARN_ABOUT_RETURN_TYPE = YES_ERROR;
				GCC_WARN_UNDECLARED_SELECTOR = YES;
				GCC_WARN_UNINITIALIZED_AUTOS = YES_AGGRESSIVE;
				GCC_WARN_UNUSED_FUNCTION = YES;
				GCC_WARN_UNUSED_VARIABLE = YES;
				IPHONEOS_DEPLOYMENT_TARGET = 9.3;
				MTL_ENABLE_DEBUG_INFO = YES;
				ONLY_ACTIVE_ARCH = YES;
				SDKROOT = iphoneos;
				SWIFT_OPTIMIZATION_LEVEL = "-Onone";
				TARGETED_DEVICE_FAMILY = "1,2";
			};
			name = Debug;
		};
		596181CB1DB71E68005AD7B2 /* Release */ = {
			isa = XCBuildConfiguration;
			buildSettings = {
				ALWAYS_SEARCH_USER_PATHS = NO;
				CLANG_ANALYZER_NONNULL = YES;
				CLANG_CXX_LANGUAGE_STANDARD = "gnu++0x";
				CLANG_CXX_LIBRARY = "libc++";
				CLANG_ENABLE_MODULES = YES;
				CLANG_ENABLE_OBJC_ARC = YES;
				CLANG_WARN_BOOL_CONVERSION = YES;
				CLANG_WARN_CONSTANT_CONVERSION = YES;
				CLANG_WARN_DIRECT_OBJC_ISA_USAGE = YES_ERROR;
				CLANG_WARN_EMPTY_BODY = YES;
				CLANG_WARN_ENUM_CONVERSION = YES;
				CLANG_WARN_INT_CONVERSION = YES;
				CLANG_WARN_OBJC_ROOT_CLASS = YES_ERROR;
				CLANG_WARN_UNREACHABLE_CODE = YES;
				CLANG_WARN__DUPLICATE_METHOD_MATCH = YES;
				"CODE_SIGN_IDENTITY[sdk=iphoneos*]" = "iPhone Developer";
				COPY_PHASE_STRIP = NO;
				DEBUG_INFORMATION_FORMAT = "dwarf-with-dsym";
				ENABLE_NS_ASSERTIONS = NO;
				ENABLE_STRICT_OBJC_MSGSEND = YES;
				GCC_C_LANGUAGE_STANDARD = gnu99;
				GCC_NO_COMMON_BLOCKS = YES;
				GCC_WARN_64_TO_32_BIT_CONVERSION = YES;
				GCC_WARN_ABOUT_RETURN_TYPE = YES_ERROR;
				GCC_WARN_UNDECLARED_SELECTOR = YES;
				GCC_WARN_UNINITIALIZED_AUTOS = YES_AGGRESSIVE;
				GCC_WARN_UNUSED_FUNCTION = YES;
				GCC_WARN_UNUSED_VARIABLE = YES;
				IPHONEOS_DEPLOYMENT_TARGET = 9.3;
				MTL_ENABLE_DEBUG_INFO = NO;
				SDKROOT = iphoneos;
				TARGETED_DEVICE_FAMILY = "1,2";
				VALIDATE_PRODUCT = YES;
			};
			name = Release;
		};
		596181CD1DB71E68005AD7B2 /* Debug */ = {
			isa = XCBuildConfiguration;
			baseConfigurationReference = DDBF037940B0FD49AB335874 /* Pods-DDTarGzipDecompressTest.debug.xcconfig */;
			buildSettings = {
				ASSETCATALOG_COMPILER_APPICON_NAME = AppIcon;
				INFOPLIST_FILE = DDTarGzipDecompressTest/Info.plist;
				LD_RUNPATH_SEARCH_PATHS = "$(inherited) @executable_path/Frameworks";
				PRODUCT_BUNDLE_IDENTIFIER = com.byteDance.SwiftTest.DDTarGzipDecompressTest;
				PRODUCT_NAME = "$(TARGET_NAME)";
				SWIFT_OBJC_BRIDGING_HEADER = "DD-Bridging-Header.h";
			};
			name = Debug;
		};
		596181CE1DB71E68005AD7B2 /* Release */ = {
			isa = XCBuildConfiguration;
			baseConfigurationReference = 1C7F3A313191CA17D57C2579 /* Pods-DDTarGzipDecompressTest.release.xcconfig */;
			buildSettings = {
				ASSETCATALOG_COMPILER_APPICON_NAME = AppIcon;
				INFOPLIST_FILE = DDTarGzipDecompressTest/Info.plist;
				LD_RUNPATH_SEARCH_PATHS = "$(inherited) @executable_path/Frameworks";
				PRODUCT_BUNDLE_IDENTIFIER = com.byteDance.SwiftTest.DDTarGzipDecompressTest;
				PRODUCT_NAME = "$(TARGET_NAME)";
				SWIFT_OBJC_BRIDGING_HEADER = "DD-Bridging-Header.h";
			};
			name = Release;
		};
		596181D01DB71E68005AD7B2 /* Debug */ = {
			isa = XCBuildConfiguration;
			buildSettings = {
				BUNDLE_LOADER = "$(TEST_HOST)";
				INFOPLIST_FILE = DDTarGzipDecompressTestTests/Info.plist;
				LD_RUNPATH_SEARCH_PATHS = "$(inherited) @executable_path/Frameworks @loader_path/Frameworks";
				PRODUCT_BUNDLE_IDENTIFIER = com.byteDance.SwiftTest.DDTarGzipDecompressTestTests;
				PRODUCT_NAME = "$(TARGET_NAME)";
				TEST_HOST = "$(BUILT_PRODUCTS_DIR)/DDTarGzipDecompressTest.app/DDTarGzipDecompressTest";
			};
			name = Debug;
		};
		596181D11DB71E68005AD7B2 /* Release */ = {
			isa = XCBuildConfiguration;
			buildSettings = {
				BUNDLE_LOADER = "$(TEST_HOST)";
				INFOPLIST_FILE = DDTarGzipDecompressTestTests/Info.plist;
				LD_RUNPATH_SEARCH_PATHS = "$(inherited) @executable_path/Frameworks @loader_path/Frameworks";
				PRODUCT_BUNDLE_IDENTIFIER = com.byteDance.SwiftTest.DDTarGzipDecompressTestTests;
				PRODUCT_NAME = "$(TARGET_NAME)";
				TEST_HOST = "$(BUILT_PRODUCTS_DIR)/DDTarGzipDecompressTest.app/DDTarGzipDecompressTest";
			};
			name = Release;
		};
		596181D31DB71E68005AD7B2 /* Debug */ = {
			isa = XCBuildConfiguration;
			buildSettings = {
				INFOPLIST_FILE = DDTarGzipDecompressTestUITests/Info.plist;
				LD_RUNPATH_SEARCH_PATHS = "$(inherited) @executable_path/Frameworks @loader_path/Frameworks";
				PRODUCT_BUNDLE_IDENTIFIER = com.byteDance.SwiftTest.DDTarGzipDecompressTestUITests;
				PRODUCT_NAME = "$(TARGET_NAME)";
				TEST_TARGET_NAME = DDTarGzipDecompressTest;
			};
			name = Debug;
		};
		596181D41DB71E68005AD7B2 /* Release */ = {
			isa = XCBuildConfiguration;
			buildSettings = {
				INFOPLIST_FILE = DDTarGzipDecompressTestUITests/Info.plist;
				LD_RUNPATH_SEARCH_PATHS = "$(inherited) @executable_path/Frameworks @loader_path/Frameworks";
				PRODUCT_BUNDLE_IDENTIFIER = com.byteDance.SwiftTest.DDTarGzipDecompressTestUITests;
				PRODUCT_NAME = "$(TARGET_NAME)";
				TEST_TARGET_NAME = DDTarGzipDecompressTest;
			};
			name = Release;
		};
/* End XCBuildConfiguration section */

/* Begin XCConfigurationList section */
		5961819D1DB71E67005AD7B2 /* Build configuration list for PBXProject "DDTarGzipDecompressTest" */ = {
			isa = XCConfigurationList;
			buildConfigurations = (
				596181CA1DB71E68005AD7B2 /* Debug */,
				596181CB1DB71E68005AD7B2 /* Release */,
			);
			defaultConfigurationIsVisible = 0;
			defaultConfigurationName = Release;
		};
		596181CC1DB71E68005AD7B2 /* Build configuration list for PBXNativeTarget "DDTarGzipDecompressTest" */ = {
			isa = XCConfigurationList;
			buildConfigurations = (
				596181CD1DB71E68005AD7B2 /* Debug */,
				596181CE1DB71E68005AD7B2 /* Release */,
			);
			defaultConfigurationIsVisible = 0;
			defaultConfigurationName = Release;
		};
		596181CF1DB71E68005AD7B2 /* Build configuration list for PBXNativeTarget "DDTarGzipDecompressTestTests" */ = {
			isa = XCConfigurationList;
			buildConfigurations = (
				596181D01DB71E68005AD7B2 /* Debug */,
				596181D11DB71E68005AD7B2 /* Release */,
			);
			defaultConfigurationIsVisible = 0;
			defaultConfigurationName = Release;
		};
		596181D21DB71E68005AD7B2 /* Build configuration list for PBXNativeTarget "DDTarGzipDecompressTestUITests" */ = {
			isa = XCConfigurationList;
			buildConfigurations = (
				596181D31DB71E68005AD7B2 /* Debug */,
				596181D41DB71E68005AD7B2 /* Release */,
			);
			defaultConfigurationIsVisible = 0;
			defaultConfigurationName = Release;
		};
/* End XCConfigurationList section */
	};
	rootObject = 5961819A1DB71E67005AD7B2 /* Project object */;
}
